# This file is autogenerated, do not edit; changes may be undone by the next 'dep ensure'.


[[projects]]
  name = "github.com/godbus/dbus"
  packages = ["."]
  revision = "a389bdde4dd695d414e47b755e95e72b7826432c"
  version = "v4.1.0"

[solve-meta]
  analyzer-name = "dep"
  analyzer-version = 1
  inputs-digest = "b70bbd67c3e629dfa90655d3129d9e212ae1f0278dd3563961639eee0c123795"
  solver-name = "gps-cdcl"
  solver-version = 1
